
Microsoft Visual Studio Solution File, Format Version 12.00
# Visual Studio Version 17
VisualStudioVersion = 17.0.31903.59
MinimumVisualStudioVersion = 10.0.40219.1
Project("{FAE04EC0-301F-11D3-BF4B-00C04F79EFBC}") = "FundamentalsExample.Common", "FundamentalsExample.Common\FundamentalsExample.Common.csproj", "{6AC58B8B-CA54-4FD8-B40A-DCDF5E325DC5}"
EndProject
Project("{FAE04EC0-301F-11D3-BF4B-00C04F79EFBC}") = "FundamentalsExample", "FundamentalsExample\FundamentalsExample.csproj", "{3CF4620A-665D-42A7-9AEA-749B8EF021ED}"
EndProject
Global
	GlobalSection(SolutionConfigurationPlatforms) = preSolution
		Debug|Any CPU = Debug|Any CPU
		Release|Any CPU = Release|Any CPU
	EndGlobalSection
	GlobalSection(SolutionProperties) = preSolution
		HideSolutionNode = FALSE
	EndGlobalSection
	GlobalSection(ProjectConfigurationPlatforms) = postSolution
		{6AC58B8B-CA54-4FD8-B40A-DCDF5E325DC5}.Debug|Any CPU.ActiveCfg = Debug|Any CPU
		{6AC58B8B-CA54-4FD8-B40A-DCDF5E325DC5}.Debug|Any CPU.Build.0 = Debug|Any CPU
		{6AC58B8B-CA54-4FD8-B40A-DCDF5E325DC5}.Release|Any CPU.ActiveCfg = Release|Any CPU
		{6AC58B8B-CA54-4FD8-B40A-DCDF5E325DC5}.Release|Any CPU.Build.0 = Release|Any CPU
		{3CF4620A-665D-42A7-9AEA-749B8EF021ED}.Debug|Any CPU.ActiveCfg = Debug|Any CPU
		{3CF4620A-665D-42A7-9AEA-749B8EF021ED}.Debug|Any CPU.Build.0 = Debug|Any CPU
		{3CF4620A-665D-42A7-9AEA-749B8EF021ED}.Release|Any CPU.ActiveCfg = Release|Any CPU
		{3CF4620A-665D-42A7-9AEA-749B8EF021ED}.Release|Any CPU.Build.0 = Release|Any CPU
	EndGlobalSection
EndGlobal
